
Microsoft Visual Studio Solution File, Format Version 12.00
Project("{FAE04EC0-301F-11D3-BF4B-00C04F79EFBC}") = "lab6", "lab6\lab6.csproj", "{398F2D19-C5B6-41CA-99B9-92762A36916D}"
EndProject
Global
	GlobalSection(SolutionConfigurationPlatforms) = preSolution
		Debug|Any CPU = Debug|Any CPU
		Release|Any CPU = Release|Any CPU
	EndGlobalSection
	GlobalSection(ProjectConfigurationPlatforms) = postSolution
		{398F2D19-C5B6-41CA-99B9-92762A36916D}.Debug|Any CPU.ActiveCfg = Debug|Any CPU
		{398F2D19-C5B6-41CA-99B9-92762A36916D}.Debug|Any CPU.Build.0 = Debug|Any CPU
		{398F2D19-C5B6-41CA-99B9-92762A36916D}.Release|Any CPU.ActiveCfg = Release|Any CPU
		{398F2D19-C5B6-41CA-99B9-92762A36916D}.Release|Any CPU.Build.0 = Release|Any CPU
	EndGlobalSection
EndGlobal
